// !$*UTF8*$!
{
	archiveVersion = 1;
	classes = {
	};
	objectVersion = 56;
	objects = {

/* Begin PBXBuildFile section */
		57F0DE0A2A45921700579354 /* IOKitTest.hpp in Headers */ = {isa = PBXBuildFile; fileRef = 57F0DE092A45921700579354 /* IOKitTest.hpp */; };
		57F0DE0C2A45921700579354 /* IOKitTest.cpp in Sources */ = {isa = PBXBuildFile; fileRef = 57F0DE0B2A45921700579354 /* IOKitTest.cpp */; };
		57F0DE192A45991A00579354 /* IOKitTestUserClient.cpp in Sources */ = {isa = PBXBuildFile; fileRef = 57F0DE172A45991A00579354 /* IOKitTestUserClient.cpp */; };
		57F0DE1A2A45991A00579354 /* IOKitTestUserClient.hpp in Headers */ = {isa = PBXBuildFile; fileRef = 57F0DE182A45991A00579354 /* IOKitTestUserClient.hpp */; };
/* End PBXBuildFile section */

/* Begin PBXFileReference section */
		57F0DE062A45921700579354 /* IOKitTest.kext */ = {isa = PBXFileReference; explicitFileType = wrapper.cfbundle; includeInIndex = 0; path = IOKitTest.kext; sourceTree = BUILT_PRODUCTS_DIR; };
		57F0DE092A45921700579354 /* IOKitTest.hpp */ = {isa = PBXFileReference; lastKnownFileType = sourcecode.cpp.h; path = IOKitTest.hpp; sourceTree = "<group>"; };
		57F0DE0B2A45921700579354 /* IOKitTest.cpp */ = {isa = PBXFileReference; lastKnownFileType = sourcecode.cpp.cpp; path = IOKitTest.cpp; sourceTree = "<group>"; };
		57F0DE0D2A45921700579354 /* Info.plist */ = {isa = PBXFileReference; lastKnownFileType = text.plist.xml; path = Info.plist; sourceTree = "<group>"; };
		57F0DE172A45991A00579354 /* IOKitTestUserClient.cpp */ = {isa = PBXFileReference; lastKnownFileType = sourcecode.cpp.cpp; path = IOKitTestUserClient.cpp; sourceTree = "<group>"; };
		57F0DE182A45991A00579354 /* IOKitTestUserClient.hpp */ = {isa = PBXFileReference; lastKnownFileType = sourcecode.cpp.h; path = IOKitTestUserClient.hpp; sourceTree = "<group>"; };
		57F0DE1B2A45999B00579354 /* TestDriverInterface.h */ = {isa = PBXFileReference; lastKnownFileType = sourcecode.c.h; path = TestDriverInterface.h; sourceTree = "<group>"; };
/* End PBXFileReference section */

/* Begin PBXFrameworksBuildPhase section */
		57F0DE032A45921600579354 /* Frameworks */ = {
			isa = PBXFrameworksBuildPhase;
			buildActionMask = 2147483647;
			files = (
			);
			runOnlyForDeploymentPostprocessing = 0;
		};
/* End PBXFrameworksBuildPhase section */

/* Begin PBXGroup section */
		57F0DDFC2A45921600579354 = {
			isa = PBXGroup;
			children = (
				57F0DE082A45921700579354 /* IOKitTest */,
				57F0DE072A45921700579354 /* Products */,
			);
			sourceTree = "<group>";
		};
		57F0DE072A45921700579354 /* Products */ = {
			isa = PBXGroup;
			children = (
				57F0DE062A45921700579354 /* IOKitTest.kext */,
			);
			name = Products;
			sourceTree = "<group>";
		};
		57F0DE082A45921700579354 /* IOKitTest */ = {
			isa = PBXGroup;
			children = (
				57F0DE092A45921700579354 /* IOKitTest.hpp */,
				57F0DE0B2A45921700579354 /* IOKitTest.cpp */,
				57F0DE172A45991A00579354 /* IOKitTestUserClient.cpp */,
				57F0DE1B2A45999B00579354 /* TestDriverInterface.h */,
				57F0DE182A45991A00579354 /* IOKitTestUserClient.hpp */,
				57F0DE0D2A45921700579354 /* Info.plist */,
			);
			path = IOKitTest;
			sourceTree = "<group>";
		};
/* End PBXGroup section */

/* Begin PBXHeadersBuildPhase section */
		57F0DE012A45921600579354 /* Headers */ = {
			isa = PBXHeadersBuildPhase;
			buildActionMask = 2147483647;
			files = (
				57F0DE0A2A45921700579354 /* IOKitTest.hpp in Headers */,
				57F0DE1A2A45991A00579354 /* IOKitTestUserClient.hpp in Headers */,
			);
			runOnlyForDeploymentPostprocessing = 0;
		};
/* End PBXHeadersBuildPhase section */

/* Begin PBXNativeTarget section */
		57F0DE052A45921600579354 /* IOKitTest */ = {
			isa = PBXNativeTarget;
			buildConfigurationList = 57F0DE102A45921700579354 /* Build configuration list for PBXNativeTarget "IOKitTest" */;
			buildPhases = (
				57F0DE012A45921600579354 /* Headers */,
				57F0DE022A45921600579354 /* Sources */,
				57F0DE032A45921600579354 /* Frameworks */,
				57F0DE042A45921600579354 /* Resources */,
			);
			buildRules = (
			);
			dependencies = (
			);
			name = IOKitTest;
			productName = IOKitTest;
			productReference = 57F0DE062A45921700579354 /* IOKitTest.kext */;
			productType = "com.apple.product-type.kernel-extension";
		};
/* End PBXNativeTarget section */

/* Begin PBXProject section */
		57F0DDFD2A45921600579354 /* Project object */ = {
			isa = PBXProject;
			attributes = {
				BuildIndependentTargetsInParallel = 1;
				LastUpgradeCheck = 1430;
				TargetAttributes = {
					57F0DE052A45921600579354 = {
						CreatedOnToolsVersion = 14.3;
					};
				};
			};
			buildConfigurationList = 57F0DE002A45921600579354 /* Build configuration list for PBXProject "IOKitTest" */;
			compatibilityVersion = "Xcode 14.0";
			developmentRegion = en;
			hasScannedForEncodings = 0;
			knownRegions = (
				en,
				Base,
			);
			mainGroup = 57F0DDFC2A45921600579354;
			productRefGroup = 57F0DE072A45921700579354 /* Products */;
			projectDirPath = "";
			projectRoot = "";
			targets = (
				57F0DE052A45921600579354 /* IOKitTest */,
			);
		};
/* End PBXProject section */

/* Begin PBXResourcesBuildPhase section */
		57F0DE042A45921600579354 /* Resources */ = {
			isa = PBXResourcesBuildPhase;
			buildActionMask = 2147483647;
			files = (
			);
			runOnlyForDeploymentPostprocessing = 0;
		};
/* End PBXResourcesBuildPhase section */

/* Begin PBXSourcesBuildPhase section */
		57F0DE022A45921600579354 /* Sources */ = {
			isa = PBXSourcesBuildPhase;
			buildActionMask = 2147483647;
			files = (
				57F0DE192A45991A00579354 /* IOKitTestUserClient.cpp in Sources */,
				57F0DE0C2A45921700579354 /* IOKitTest.cpp in Sources */,
			);
			runOnlyForDeploymentPostprocessing = 0;
		};
/* End PBXSourcesBuildPhase section */

/* Begin XCBuildConfiguration section */
		57F0DE0E2A45921700579354 /* Debug */ = {
			isa = XCBuildConfiguration;
			buildSettings = {
				ALWAYS_SEARCH_USER_PATHS = NO;
				CLANG_ANALYZER_NONNULL = YES;
				CLANG_ANALYZER_NUMBER_OBJECT_CONVERSION = YES_AGGRESSIVE;
				CLANG_CXX_LANGUAGE_STANDARD = "gnu++20";
				CLANG_ENABLE_MODULES = YES;
				CLANG_ENABLE_OBJC_ARC = YES;
				CLANG_ENABLE_OBJC_WEAK = YES;
				CLANG_WARN_BLOCK_CAPTURE_AUTORELEASING = YES;
				CLANG_WARN_BOOL_CONVERSION = YES;
				CLANG_WARN_COMMA = YES;
				CLANG_WARN_CONSTANT_CONVERSION = YES;
				CLANG_WARN_DEPRECATED_OBJC_IMPLEMENTATIONS = YES;
				CLANG_WARN_DIRECT_OBJC_ISA_USAGE = YES_ERROR;
				CLANG_WARN_DOCUMENTATION_COMMENTS = YES;
				CLANG_WARN_EMPTY_BODY = YES;
				CLANG_WARN_ENUM_CONVERSION = YES;
				CLANG_WARN_INFINITE_RECURSION = YES;
				CLANG_WARN_INT_CONVERSION = YES;
				CLANG_WARN_NON_LITERAL_NULL_CONVERSION = YES;
				CLANG_WARN_OBJC_IMPLICIT_RETAIN_SELF = YES;
				CLANG_WARN_OBJC_LITERAL_CONVERSION = YES;
				CLANG_WARN_OBJC_ROOT_CLASS = YES_ERROR;
				CLANG_WARN_QUOTED_INCLUDE_IN_FRAMEWORK_HEADER = YES;
				CLANG_WARN_RANGE_LOOP_ANALYSIS = YES;
				CLANG_WARN_STRICT_PROTOTYPES = YES;
				CLANG_WARN_SUSPICIOUS_MOVE = YES;
				CLANG_WARN_UNGUARDED_AVAILABILITY = YES_AGGRESSIVE;
				CLANG_WARN_UNREACHABLE_CODE = YES;
				CLANG_WARN__DUPLICATE_METHOD_MATCH = YES;
				COPY_PHASE_STRIP = NO;
				DEBUG_INFORMATION_FORMAT = dwarf;
				ENABLE_STRICT_OBJC_MSGSEND = YES;
				ENABLE_TESTABILITY = YES;
				GCC_C_LANGUAGE_STANDARD = gnu11;
				GCC_DYNAMIC_NO_PIC = NO;
				GCC_NO_COMMON_BLOCKS = YES;
				GCC_OPTIMIZATION_LEVEL = 0;
				GCC_PREPROCESSOR_DEFINITIONS = (
					"DEBUG=1",
					"$(inherited)",
				);
				GCC_WARN_64_TO_32_BIT_CONVERSION = YES;
				GCC_WARN_ABOUT_RETURN_TYPE = YES_ERROR;
				GCC_WARN_UNDECLARED_SELECTOR = YES;
				GCC_WARN_UNINITIALIZED_AUTOS = YES_AGGRESSIVE;
				GCC_WARN_UNUSED_FUNCTION = YES;
				GCC_WARN_UNUSED_VARIABLE = YES;
				MACOSX_DEPLOYMENT_TARGET = 13.3;
				MTL_ENABLE_DEBUG_INFO = INCLUDE_SOURCE;
				MTL_FAST_MATH = YES;
				ONLY_ACTIVE_ARCH = YES;
				SDKROOT = macosx;
			};
			name = Debug;
		};
		57F0DE0F2A45921700579354 /* Release */ = {
			isa = XCBuildConfiguration;
			buildSettings = {
				ALWAYS_SEARCH_USER_PATHS = NO;
				CLANG_ANALYZER_NONNULL = YES;
				CLANG_ANALYZER_NUMBER_OBJECT_CONVERSION = YES_AGGRESSIVE;
				CLANG_CXX_LANGUAGE_STANDARD = "gnu++20";
				CLANG_ENABLE_MODULES = YES;
				CLANG_ENABLE_OBJC_ARC = YES;
				CLANG_ENABLE_OBJC_WEAK = YES;
				CLANG_WARN_BLOCK_CAPTURE_AUTORELEASING = YES;
				CLANG_WARN_BOOL_CONVERSION = YES;
				CLANG_WARN_COMMA = YES;
				CLANG_WARN_CONSTANT_CONVERSION = YES;
				CLANG_WARN_DEPRECATED_OBJC_IMPLEMENTATIONS = YES;
				CLANG_WARN_DIRECT_OBJC_ISA_USAGE = YES_ERROR;
				CLANG_WARN_DOCUMENTATION_COMMENTS = YES;
				CLANG_WARN_EMPTY_BODY = YES;
				CLANG_WARN_ENUM_CONVERSION = YES;
				CLANG_WARN_INFINITE_RECURSION = YES;
				CLANG_WARN_INT_CONVERSION = YES;
				CLANG_WARN_NON_LITERAL_NULL_CONVERSION = YES;
				CLANG_WARN_OBJC_IMPLICIT_RETAIN_SELF = YES;
				CLANG_WARN_OBJC_LITERAL_CONVERSION = YES;
				CLANG_WARN_OBJC_ROOT_CLASS = YES_ERROR;
				CLANG_WARN_QUOTED_INCLUDE_IN_FRAMEWORK_HEADER = YES;
				CLANG_WARN_RANGE_LOOP_ANALYSIS = YES;
				CLANG_WARN_STRICT_PROTOTYPES = YES;
				CLANG_WARN_SUSPICIOUS_MOVE = YES;
				CLANG_WARN_UNGUARDED_AVAILABILITY = YES_AGGRESSIVE;
				CLANG_WARN_UNREACHABLE_CODE = YES;
				CLANG_WARN__DUPLICATE_METHOD_MATCH = YES;
				COPY_PHASE_STRIP = NO;
				DEBUG_INFORMATION_FORMAT = "dwarf-with-dsym";
				ENABLE_NS_ASSERTIONS = NO;
				ENABLE_STRICT_OBJC_MSGSEND = YES;
				GCC_C_LANGUAGE_STANDARD = gnu11;
				GCC_NO_COMMON_BLOCKS = YES;
				GCC_WARN_64_TO_32_BIT_CONVERSION = YES;
				GCC_WARN_ABOUT_RETURN_TYPE = YES_ERROR;
				GCC_WARN_UNDECLARED_SELECTOR = YES;
				GCC_WARN_UNINITIALIZED_AUTOS = YES_AGGRESSIVE;
				GCC_WARN_UNUSED_FUNCTION = YES;
				GCC_WARN_UNUSED_VARIABLE = YES;
				MACOSX_DEPLOYMENT_TARGET = 13.3;
				MTL_ENABLE_DEBUG_INFO = NO;
				MTL_FAST_MATH = YES;
				SDKROOT = macosx;
			};
			name = Release;
		};
		57F0DE112A45921700579354 /* Debug */ = {
			isa = XCBuildConfiguration;
			buildSettings = {
				CLANG_WARN_QUOTED_INCLUDE_IN_FRAMEWORK_HEADER = NO;
				CODE_SIGN_STYLE = Automatic;
				COMBINE_HIDPI_IMAGES = YES;
				CURRENT_PROJECT_VERSION = 1.0.0d1;
				DEVELOPMENT_TEAM = N7LG422PDP;
				GENERATE_INFOPLIST_FILE = YES;
				INFOPLIST_FILE = IOKitTest/Info.plist;
				INFOPLIST_KEY_NSHumanReadableCopyright = "";
				MACOSX_DEPLOYMENT_TARGET = 13.3;
				MARKETING_VERSION = 1.0;
				MODULE_NAME = Bugra.IOKitTest;
				MODULE_VERSION = 1.0.0d1;
				PRODUCT_BUNDLE_IDENTIFIER = Bugra.IOKitTest;
				PRODUCT_NAME = "$(TARGET_NAME)";
				RUN_CLANG_STATIC_ANALYZER = YES;
				SWIFT_EMIT_LOC_STRINGS = YES;
				WRAPPER_EXTENSION = kext;
			};
			name = Debug;
		};
		57F0DE122A45921700579354 /* Release */ = {
			isa = XCBuildConfiguration;
			buildSettings = {
				CLANG_WARN_QUOTED_INCLUDE_IN_FRAMEWORK_HEADER = NO;
				CODE_SIGN_STYLE = Automatic;
				COMBINE_HIDPI_IMAGES = YES;
				CURRENT_PROJECT_VERSION = 1.0.0d1;
				DEVELOPMENT_TEAM = N7LG422PDP;
				"GCC_WARN_64_TO_32_BIT_CONVERSION[arch=arm64e]" = YES;
				GENERATE_INFOPLIST_FILE = YES;
				INFOPLIST_FILE = IOKitTest/Info.plist;
				INFOPLIST_KEY_NSHumanReadableCopyright = "";
				MACOSX_DEPLOYMENT_TARGET = 13.3;
				MARKETING_VERSION = 1.0;
				MODULE_NAME = Bugra.IOKitTest;
				MODULE_VERSION = 1.0.0d1;
				PRODUCT_BUNDLE_IDENTIFIER = Bugra.IOKitTest;
				PRODUCT_NAME = "$(TARGET_NAME)";
				RUN_CLANG_STATIC_ANALYZER = YES;
				SWIFT_EMIT_LOC_STRINGS = YES;
				WRAPPER_EXTENSION = kext;
			};
			name = Release;
		};
/* End XCBuildConfiguration section */

/* Begin XCConfigurationList section */
		57F0DE002A45921600579354 /* Build configuration list for PBXProject "IOKitTest" */ = {
			isa = XCConfigurationList;
			buildConfigurations = (
				57F0DE0E2A45921700579354 /* Debug */,
				57F0DE0F2A45921700579354 /* Release */,
			);
			defaultConfigurationIsVisible = 0;
			defaultConfigurationName = Release;
		};
		57F0DE102A45921700579354 /* Build configuration list for PBXNativeTarget "IOKitTest" */ = {
			isa = XCConfigurationList;
			buildConfigurations = (
				57F0DE112A45921700579354 /* Debug */,
				57F0DE122A45921700579354 /* Release */,
			);
			defaultConfigurationIsVisible = 0;
			defaultConfigurationName = Release;
		};
/* End XCConfigurationList section */
	};
	rootObject = 57F0DDFD2A45921600579354 /* Project object */;
}
