// !$*UTF8*$!
{
	archiveVersion = 1;
	classes = {
	};
	objectVersion = 56;
	objects = {

/* Begin PBXBuildFile section */
		5788A2FA2A573BCE00CBAB6E /* MyAudioDevice.hpp in Headers */ = {isa = PBXBuildFile; fileRef = 5788A2F92A573BCE00CBAB6E /* MyAudioDevice.hpp */; };
		5788A2FC2A573BCE00CBAB6E /* MyAudioDevice.cpp in Sources */ = {isa = PBXBuildFile; fileRef = 5788A2FB2A573BCE00CBAB6E /* MyAudioDevice.cpp */; };
		5788A3052A5743A000CBAB6E /* MyAudioEngine.cpp in Sources */ = {isa = PBXBuildFile; fileRef = 5788A3032A5743A000CBAB6E /* MyAudioEngine.cpp */; };
		5788A3062A5743A000CBAB6E /* MyAudioEngine.hpp in Headers */ = {isa = PBXBuildFile; fileRef = 5788A3042A5743A000CBAB6E /* MyAudioEngine.hpp */; };
/* End PBXBuildFile section */

/* Begin PBXFileReference section */
		5788A2F62A573BCE00CBAB6E /* MyAudioDevice.kext */ = {isa = PBXFileReference; explicitFileType = wrapper.cfbundle; includeInIndex = 0; path = MyAudioDevice.kext; sourceTree = BUILT_PRODUCTS_DIR; };
		5788A2F92A573BCE00CBAB6E /* MyAudioDevice.hpp */ = {isa = PBXFileReference; lastKnownFileType = sourcecode.cpp.h; path = MyAudioDevice.hpp; sourceTree = "<group>"; };
		5788A2FB2A573BCE00CBAB6E /* MyAudioDevice.cpp */ = {isa = PBXFileReference; lastKnownFileType = sourcecode.cpp.cpp; path = MyAudioDevice.cpp; sourceTree = "<group>"; };
		5788A2FD2A573BCE00CBAB6E /* Info.plist */ = {isa = PBXFileReference; lastKnownFileType = text.plist.xml; path = Info.plist; sourceTree = "<group>"; };
		5788A3032A5743A000CBAB6E /* MyAudioEngine.cpp */ = {isa = PBXFileReference; lastKnownFileType = sourcecode.cpp.cpp; path = MyAudioEngine.cpp; sourceTree = "<group>"; };
		5788A3042A5743A000CBAB6E /* MyAudioEngine.hpp */ = {isa = PBXFileReference; lastKnownFileType = sourcecode.cpp.h; path = MyAudioEngine.hpp; sourceTree = "<group>"; };
/* End PBXFileReference section */

/* Begin PBXFrameworksBuildPhase section */
		5788A2F32A573BCE00CBAB6E /* Frameworks */ = {
			isa = PBXFrameworksBuildPhase;
			buildActionMask = 2147483647;
			files = (
			);
			runOnlyForDeploymentPostprocessing = 0;
		};
/* End PBXFrameworksBuildPhase section */

/* Begin PBXGroup section */
		5788A2EC2A573BCE00CBAB6E = {
			isa = PBXGroup;
			children = (
				5788A2F82A573BCE00CBAB6E /* MyAudioDevice */,
				5788A2F72A573BCE00CBAB6E /* Products */,
			);
			sourceTree = "<group>";
		};
		5788A2F72A573BCE00CBAB6E /* Products */ = {
			isa = PBXGroup;
			children = (
				5788A2F62A573BCE00CBAB6E /* MyAudioDevice.kext */,
			);
			name = Products;
			sourceTree = "<group>";
		};
		5788A2F82A573BCE00CBAB6E /* MyAudioDevice */ = {
			isa = PBXGroup;
			children = (
				5788A2F92A573BCE00CBAB6E /* MyAudioDevice.hpp */,
				5788A2FB2A573BCE00CBAB6E /* MyAudioDevice.cpp */,
				5788A3032A5743A000CBAB6E /* MyAudioEngine.cpp */,
				5788A3042A5743A000CBAB6E /* MyAudioEngine.hpp */,
				5788A2FD2A573BCE00CBAB6E /* Info.plist */,
			);
			path = MyAudioDevice;
			sourceTree = "<group>";
		};
/* End PBXGroup section */

/* Begin PBXHeadersBuildPhase section */
		5788A2F12A573BCE00CBAB6E /* Headers */ = {
			isa = PBXHeadersBuildPhase;
			buildActionMask = 2147483647;
			files = (
				5788A2FA2A573BCE00CBAB6E /* MyAudioDevice.hpp in Headers */,
				5788A3062A5743A000CBAB6E /* MyAudioEngine.hpp in Headers */,
			);
			runOnlyForDeploymentPostprocessing = 0;
		};
/* End PBXHeadersBuildPhase section */

/* Begin PBXNativeTarget section */
		5788A2F52A573BCE00CBAB6E /* MyAudioDevice */ = {
			isa = PBXNativeTarget;
			buildConfigurationList = 5788A3002A573BCE00CBAB6E /* Build configuration list for PBXNativeTarget "MyAudioDevice" */;
			buildPhases = (
				5788A2F12A573BCE00CBAB6E /* Headers */,
				5788A2F22A573BCE00CBAB6E /* Sources */,
				5788A2F32A573BCE00CBAB6E /* Frameworks */,
				5788A2F42A573BCE00CBAB6E /* Resources */,
			);
			buildRules = (
			);
			dependencies = (
			);
			name = MyAudioDevice;
			productName = MyAudioDevice;
			productReference = 5788A2F62A573BCE00CBAB6E /* MyAudioDevice.kext */;
			productType = "com.apple.product-type.kernel-extension";
		};
/* End PBXNativeTarget section */

/* Begin PBXProject section */
		5788A2ED2A573BCE00CBAB6E /* Project object */ = {
			isa = PBXProject;
			attributes = {
				BuildIndependentTargetsInParallel = 1;
				LastUpgradeCheck = 1430;
				TargetAttributes = {
					5788A2F52A573BCE00CBAB6E = {
						CreatedOnToolsVersion = 14.3;
					};
				};
			};
			buildConfigurationList = 5788A2F02A573BCE00CBAB6E /* Build configuration list for PBXProject "MyAudioDevice" */;
			compatibilityVersion = "Xcode 14.0";
			developmentRegion = en;
			hasScannedForEncodings = 0;
			knownRegions = (
				en,
				Base,
			);
			mainGroup = 5788A2EC2A573BCE00CBAB6E;
			productRefGroup = 5788A2F72A573BCE00CBAB6E /* Products */;
			projectDirPath = "";
			projectRoot = "";
			targets = (
				5788A2F52A573BCE00CBAB6E /* MyAudioDevice */,
			);
		};
/* End PBXProject section */

/* Begin PBXResourcesBuildPhase section */
		5788A2F42A573BCE00CBAB6E /* Resources */ = {
			isa = PBXResourcesBuildPhase;
			buildActionMask = 2147483647;
			files = (
			);
			runOnlyForDeploymentPostprocessing = 0;
		};
/* End PBXResourcesBuildPhase section */

/* Begin PBXSourcesBuildPhase section */
		5788A2F22A573BCE00CBAB6E /* Sources */ = {
			isa = PBXSourcesBuildPhase;
			buildActionMask = 2147483647;
			files = (
				5788A3052A5743A000CBAB6E /* MyAudioEngine.cpp in Sources */,
				5788A2FC2A573BCE00CBAB6E /* MyAudioDevice.cpp in Sources */,
			);
			runOnlyForDeploymentPostprocessing = 0;
		};
/* End PBXSourcesBuildPhase section */

/* Begin XCBuildConfiguration section */
		5788A2FE2A573BCE00CBAB6E /* Debug */ = {
			isa = XCBuildConfiguration;
			buildSettings = {
				ALWAYS_SEARCH_USER_PATHS = NO;
				CLANG_ANALYZER_NONNULL = YES;
				CLANG_ANALYZER_NUMBER_OBJECT_CONVERSION = YES_AGGRESSIVE;
				CLANG_CXX_LANGUAGE_STANDARD = "gnu++20";
				CLANG_ENABLE_MODULES = YES;
				CLANG_ENABLE_OBJC_ARC = YES;
				CLANG_ENABLE_OBJC_WEAK = YES;
				CLANG_WARN_BLOCK_CAPTURE_AUTORELEASING = YES;
				CLANG_WARN_BOOL_CONVERSION = YES;
				CLANG_WARN_COMMA = YES;
				CLANG_WARN_CONSTANT_CONVERSION = YES;
				CLANG_WARN_DEPRECATED_OBJC_IMPLEMENTATIONS = YES;
				CLANG_WARN_DIRECT_OBJC_ISA_USAGE = YES_ERROR;
				CLANG_WARN_DOCUMENTATION_COMMENTS = YES;
				CLANG_WARN_EMPTY_BODY = YES;
				CLANG_WARN_ENUM_CONVERSION = YES;
				CLANG_WARN_INFINITE_RECURSION = YES;
				CLANG_WARN_INT_CONVERSION = YES;
				CLANG_WARN_NON_LITERAL_NULL_CONVERSION = YES;
				CLANG_WARN_OBJC_IMPLICIT_RETAIN_SELF = YES;
				CLANG_WARN_OBJC_LITERAL_CONVERSION = YES;
				CLANG_WARN_OBJC_ROOT_CLASS = YES_ERROR;
				CLANG_WARN_QUOTED_INCLUDE_IN_FRAMEWORK_HEADER = YES;
				CLANG_WARN_RANGE_LOOP_ANALYSIS = YES;
				CLANG_WARN_STRICT_PROTOTYPES = YES;
				CLANG_WARN_SUSPICIOUS_MOVE = YES;
				CLANG_WARN_UNGUARDED_AVAILABILITY = YES_AGGRESSIVE;
				CLANG_WARN_UNREACHABLE_CODE = YES;
				CLANG_WARN__DUPLICATE_METHOD_MATCH = YES;
				COPY_PHASE_STRIP = NO;
				DEBUG_INFORMATION_FORMAT = dwarf;
				ENABLE_STRICT_OBJC_MSGSEND = YES;
				ENABLE_TESTABILITY = YES;
				GCC_C_LANGUAGE_STANDARD = gnu11;
				GCC_DYNAMIC_NO_PIC = NO;
				GCC_NO_COMMON_BLOCKS = YES;
				GCC_OPTIMIZATION_LEVEL = 0;
				GCC_PREPROCESSOR_DEFINITIONS = (
					"DEBUG=1",
					"$(inherited)",
				);
				GCC_WARN_64_TO_32_BIT_CONVERSION = YES;
				GCC_WARN_ABOUT_RETURN_TYPE = YES_ERROR;
				GCC_WARN_UNDECLARED_SELECTOR = YES;
				GCC_WARN_UNINITIALIZED_AUTOS = YES_AGGRESSIVE;
				GCC_WARN_UNUSED_FUNCTION = YES;
				GCC_WARN_UNUSED_VARIABLE = YES;
				MACOSX_DEPLOYMENT_TARGET = 13.3;
				MTL_ENABLE_DEBUG_INFO = INCLUDE_SOURCE;
				MTL_FAST_MATH = YES;
				ONLY_ACTIVE_ARCH = YES;
				SDKROOT = macosx;
			};
			name = Debug;
		};
		5788A2FF2A573BCE00CBAB6E /* Release */ = {
			isa = XCBuildConfiguration;
			buildSettings = {
				ALWAYS_SEARCH_USER_PATHS = NO;
				CLANG_ANALYZER_NONNULL = YES;
				CLANG_ANALYZER_NUMBER_OBJECT_CONVERSION = YES_AGGRESSIVE;
				CLANG_CXX_LANGUAGE_STANDARD = "gnu++20";
				CLANG_ENABLE_MODULES = YES;
				CLANG_ENABLE_OBJC_ARC = YES;
				CLANG_ENABLE_OBJC_WEAK = YES;
				CLANG_WARN_BLOCK_CAPTURE_AUTORELEASING = YES;
				CLANG_WARN_BOOL_CONVERSION = YES;
				CLANG_WARN_COMMA = YES;
				CLANG_WARN_CONSTANT_CONVERSION = YES;
				CLANG_WARN_DEPRECATED_OBJC_IMPLEMENTATIONS = YES;
				CLANG_WARN_DIRECT_OBJC_ISA_USAGE = YES_ERROR;
				CLANG_WARN_DOCUMENTATION_COMMENTS = YES;
				CLANG_WARN_EMPTY_BODY = YES;
				CLANG_WARN_ENUM_CONVERSION = YES;
				CLANG_WARN_INFINITE_RECURSION = YES;
				CLANG_WARN_INT_CONVERSION = YES;
				CLANG_WARN_NON_LITERAL_NULL_CONVERSION = YES;
				CLANG_WARN_OBJC_IMPLICIT_RETAIN_SELF = YES;
				CLANG_WARN_OBJC_LITERAL_CONVERSION = YES;
				CLANG_WARN_OBJC_ROOT_CLASS = YES_ERROR;
				CLANG_WARN_QUOTED_INCLUDE_IN_FRAMEWORK_HEADER = YES;
				CLANG_WARN_RANGE_LOOP_ANALYSIS = YES;
				CLANG_WARN_STRICT_PROTOTYPES = YES;
				CLANG_WARN_SUSPICIOUS_MOVE = YES;
				CLANG_WARN_UNGUARDED_AVAILABILITY = YES_AGGRESSIVE;
				CLANG_WARN_UNREACHABLE_CODE = YES;
				CLANG_WARN__DUPLICATE_METHOD_MATCH = YES;
				COPY_PHASE_STRIP = NO;
				DEBUG_INFORMATION_FORMAT = "dwarf-with-dsym";
				ENABLE_NS_ASSERTIONS = NO;
				ENABLE_STRICT_OBJC_MSGSEND = YES;
				GCC_C_LANGUAGE_STANDARD = gnu11;
				GCC_NO_COMMON_BLOCKS = YES;
				GCC_WARN_64_TO_32_BIT_CONVERSION = YES;
				GCC_WARN_ABOUT_RETURN_TYPE = YES_ERROR;
				GCC_WARN_UNDECLARED_SELECTOR = YES;
				GCC_WARN_UNINITIALIZED_AUTOS = YES_AGGRESSIVE;
				GCC_WARN_UNUSED_FUNCTION = YES;
				GCC_WARN_UNUSED_VARIABLE = YES;
				MACOSX_DEPLOYMENT_TARGET = 13.3;
				MTL_ENABLE_DEBUG_INFO = NO;
				MTL_FAST_MATH = YES;
				SDKROOT = macosx;
			};
			name = Release;
		};
		5788A3012A573BCE00CBAB6E /* Debug */ = {
			isa = XCBuildConfiguration;
			buildSettings = {
				CLANG_WARN_QUOTED_INCLUDE_IN_FRAMEWORK_HEADER = NO;
				CODE_SIGN_STYLE = Automatic;
				COMBINE_HIDPI_IMAGES = YES;
				CURRENT_PROJECT_VERSION = 1.0.0d1;
				DEVELOPMENT_TEAM = N7LG422PDP;
				GENERATE_INFOPLIST_FILE = YES;
				INFOPLIST_FILE = MyAudioDevice/Info.plist;
				INFOPLIST_KEY_NSHumanReadableCopyright = "";
				MACOSX_DEPLOYMENT_TARGET = 10.10;
				MARKETING_VERSION = 1.0;
				MODULE_NAME = Bugra.MyAudioDevice;
				MODULE_VERSION = 1.0.0d1;
				PRODUCT_BUNDLE_IDENTIFIER = Bugra.MyAudioDevice;
				PRODUCT_NAME = "$(TARGET_NAME)";
				RUN_CLANG_STATIC_ANALYZER = YES;
				SWIFT_EMIT_LOC_STRINGS = YES;
				WRAPPER_EXTENSION = kext;
			};
			name = Debug;
		};
		5788A3022A573BCE00CBAB6E /* Release */ = {
			isa = XCBuildConfiguration;
			buildSettings = {
				CLANG_WARN_QUOTED_INCLUDE_IN_FRAMEWORK_HEADER = NO;
				CODE_SIGN_STYLE = Automatic;
				COMBINE_HIDPI_IMAGES = YES;
				CURRENT_PROJECT_VERSION = 1.0.0d1;
				DEVELOPMENT_TEAM = N7LG422PDP;
				GENERATE_INFOPLIST_FILE = YES;
				INFOPLIST_FILE = MyAudioDevice/Info.plist;
				INFOPLIST_KEY_NSHumanReadableCopyright = "";
				MACOSX_DEPLOYMENT_TARGET = 10.10;
				MARKETING_VERSION = 1.0;
				MODULE_NAME = Bugra.MyAudioDevice;
				MODULE_VERSION = 1.0.0d1;
				PRODUCT_BUNDLE_IDENTIFIER = Bugra.MyAudioDevice;
				PRODUCT_NAME = "$(TARGET_NAME)";
				RUN_CLANG_STATIC_ANALYZER = YES;
				SWIFT_EMIT_LOC_STRINGS = YES;
				WRAPPER_EXTENSION = kext;
			};
			name = Release;
		};
/* End XCBuildConfiguration section */

/* Begin XCConfigurationList section */
		5788A2F02A573BCE00CBAB6E /* Build configuration list for PBXProject "MyAudioDevice" */ = {
			isa = XCConfigurationList;
			buildConfigurations = (
				5788A2FE2A573BCE00CBAB6E /* Debug */,
				5788A2FF2A573BCE00CBAB6E /* Release */,
			);
			defaultConfigurationIsVisible = 0;
			defaultConfigurationName = Release;
		};
		5788A3002A573BCE00CBAB6E /* Build configuration list for PBXNativeTarget "MyAudioDevice" */ = {
			isa = XCConfigurationList;
			buildConfigurations = (
				5788A3012A573BCE00CBAB6E /* Debug */,
				5788A3022A573BCE00CBAB6E /* Release */,
			);
			defaultConfigurationIsVisible = 0;
			defaultConfigurationName = Release;
		};
/* End XCConfigurationList section */
	};
	rootObject = 5788A2ED2A573BCE00CBAB6E /* Project object */;
}
